// !$*UTF8*$!
{
	archiveVersion = 1;
	classes = {
	};
	objectVersion = 56;
	objects = {

/* Begin PBXBuildFile section */
		E4C8302B2BFC44BE008C075F /* CodeQuestGameApp.swift in Sources */ = {isa = PBXBuildFile; fileRef = E4C8302A2BFC44BE008C075F /* CodeQuestGameApp.swift */; };
		E4C8302D2BFC44BE008C075F /* ContentView.swift in Sources */ = {isa = PBXBuildFile; fileRef = E4C8302C2BFC44BE008C075F /* ContentView.swift */; };
		E4C8302F2BFC44BF008C075F /* Assets.xcassets in Resources */ = {isa = PBXBuildFile; fileRef = E4C8302E2BFC44BF008C075F /* Assets.xcassets */; };
		E4C830322BFC44BF008C075F /* Preview Assets.xcassets in Resources */ = {isa = PBXBuildFile; fileRef = E4C830312BFC44BF008C075F /* Preview Assets.xcassets */; };
		E4C8303C2BFC44C0008C075F /* CodeQuestGameTests.swift in Sources */ = {isa = PBXBuildFile; fileRef = E4C8303B2BFC44C0008C075F /* CodeQuestGameTests.swift */; };
		E4C830462BFC44C0008C075F /* CodeQuestGameUITests.swift in Sources */ = {isa = PBXBuildFile; fileRef = E4C830452BFC44C0008C075F /* CodeQuestGameUITests.swift */; };
		E4C830482BFC44C0008C075F /* CodeQuestGameUITestsLaunchTests.swift in Sources */ = {isa = PBXBuildFile; fileRef = E4C830472BFC44C0008C075F /* CodeQuestGameUITestsLaunchTests.swift */; };
		E4C830562BFC51F8008C075F /* Quest.swift in Sources */ = {isa = PBXBuildFile; fileRef = E4C830552BFC51F8008C075F /* Quest.swift */; };
		E4C8305A2BFC5476008C075F /* BeaconManager.swift in Sources */ = {isa = PBXBuildFile; fileRef = E4C830592BFC5476008C075F /* BeaconManager.swift */; };
		E4C8305C2BFC550F008C075F /* DistanceMetric.swift in Sources */ = {isa = PBXBuildFile; fileRef = E4C8305B2BFC550F008C075F /* DistanceMetric.swift */; };
		E4C8305F2BFC5662008C075F /* QuestViewModel.swift in Sources */ = {isa = PBXBuildFile; fileRef = E4C8305E2BFC5662008C075F /* QuestViewModel.swift */; };
		E4CFFAEF2C04231500BAD67A /* HomeView.swift in Sources */ = {isa = PBXBuildFile; fileRef = E4CFFAEE2C04231500BAD67A /* HomeView.swift */; };
		E4CFFAF12C04235100BAD67A /* QuestionView.swift in Sources */ = {isa = PBXBuildFile; fileRef = E4CFFAF02C04235100BAD67A /* QuestionView.swift */; };
		E4CFFAF52C04238000BAD67A /* AnswerView.swift in Sources */ = {isa = PBXBuildFile; fileRef = E4CFFAF42C04238000BAD67A /* AnswerView.swift */; };
		E4CFFAF72C042C9900BAD67A /* RadarView.swift in Sources */ = {isa = PBXBuildFile; fileRef = E4CFFAF62C042C9900BAD67A /* RadarView.swift */; };
/* End PBXBuildFile section */

/* Begin PBXContainerItemProxy section */
		E4C830382BFC44C0008C075F /* PBXContainerItemProxy */ = {
			isa = PBXContainerItemProxy;
			containerPortal = E4C8301F2BFC44BE008C075F /* Project object */;
			proxyType = 1;
			remoteGlobalIDString = E4C830262BFC44BE008C075F;
			remoteInfo = CodeQuestGame;
		};
		E4C830422BFC44C0008C075F /* PBXContainerItemProxy */ = {
			isa = PBXContainerItemProxy;
			containerPortal = E4C8301F2BFC44BE008C075F /* Project object */;
			proxyType = 1;
			remoteGlobalIDString = E4C830262BFC44BE008C075F;
			remoteInfo = CodeQuestGame;
		};
/* End PBXContainerItemProxy section */

/* Begin PBXFileReference section */
		E4C830272BFC44BE008C075F /* CodeQuestGame.app */ = {isa = PBXFileReference; explicitFileType = wrapper.application; includeInIndex = 0; path = CodeQuestGame.app; sourceTree = BUILT_PRODUCTS_DIR; };
		E4C8302A2BFC44BE008C075F /* CodeQuestGameApp.swift */ = {isa = PBXFileReference; lastKnownFileType = sourcecode.swift; path = CodeQuestGameApp.swift; sourceTree = "<group>"; };
		E4C8302C2BFC44BE008C075F /* ContentView.swift */ = {isa = PBXFileReference; lastKnownFileType = sourcecode.swift; path = ContentView.swift; sourceTree = "<group>"; };
		E4C8302E2BFC44BF008C075F /* Assets.xcassets */ = {isa = PBXFileReference; lastKnownFileType = folder.assetcatalog; path = Assets.xcassets; sourceTree = "<group>"; };
		E4C830312BFC44BF008C075F /* Preview Assets.xcassets */ = {isa = PBXFileReference; lastKnownFileType = folder.assetcatalog; path = "Preview Assets.xcassets"; sourceTree = "<group>"; };
		E4C830372BFC44C0008C075F /* CodeQuestGameTests.xctest */ = {isa = PBXFileReference; explicitFileType = wrapper.cfbundle; includeInIndex = 0; path = CodeQuestGameTests.xctest; sourceTree = BUILT_PRODUCTS_DIR; };
		E4C8303B2BFC44C0008C075F /* CodeQuestGameTests.swift */ = {isa = PBXFileReference; lastKnownFileType = sourcecode.swift; path = CodeQuestGameTests.swift; sourceTree = "<group>"; };
		E4C830412BFC44C0008C075F /* CodeQuestGameUITests.xctest */ = {isa = PBXFileReference; explicitFileType = wrapper.cfbundle; includeInIndex = 0; path = CodeQuestGameUITests.xctest; sourceTree = BUILT_PRODUCTS_DIR; };
		E4C830452BFC44C0008C075F /* CodeQuestGameUITests.swift */ = {isa = PBXFileReference; lastKnownFileType = sourcecode.swift; path = CodeQuestGameUITests.swift; sourceTree = "<group>"; };
		E4C830472BFC44C0008C075F /* CodeQuestGameUITestsLaunchTests.swift */ = {isa = PBXFileReference; lastKnownFileType = sourcecode.swift; path = CodeQuestGameUITestsLaunchTests.swift; sourceTree = "<group>"; };
		E4C830552BFC51F8008C075F /* Quest.swift */ = {isa = PBXFileReference; lastKnownFileType = sourcecode.swift; path = Quest.swift; sourceTree = "<group>"; };
		E4C830572BFC53D9008C075F /* Info.xcprivacy */ = {isa = PBXFileReference; lastKnownFileType = text.xml; path = Info.xcprivacy; sourceTree = "<group>"; };
		E4C830592BFC5476008C075F /* BeaconManager.swift */ = {isa = PBXFileReference; lastKnownFileType = sourcecode.swift; path = BeaconManager.swift; sourceTree = "<group>"; };
		E4C8305B2BFC550F008C075F /* DistanceMetric.swift */ = {isa = PBXFileReference; lastKnownFileType = sourcecode.swift; path = DistanceMetric.swift; sourceTree = "<group>"; };
		E4C8305E2BFC5662008C075F /* QuestViewModel.swift */ = {isa = PBXFileReference; lastKnownFileType = sourcecode.swift; path = QuestViewModel.swift; sourceTree = "<group>"; };
		E4CFFAEE2C04231500BAD67A /* HomeView.swift */ = {isa = PBXFileReference; lastKnownFileType = sourcecode.swift; path = HomeView.swift; sourceTree = "<group>"; };
		E4CFFAF02C04235100BAD67A /* QuestionView.swift */ = {isa = PBXFileReference; lastKnownFileType = sourcecode.swift; path = QuestionView.swift; sourceTree = "<group>"; };
		E4CFFAF42C04238000BAD67A /* AnswerView.swift */ = {isa = PBXFileReference; lastKnownFileType = sourcecode.swift; path = AnswerView.swift; sourceTree = "<group>"; };
		E4CFFAF62C042C9900BAD67A /* RadarView.swift */ = {isa = PBXFileReference; lastKnownFileType = sourcecode.swift; path = RadarView.swift; sourceTree = "<group>"; };
/* End PBXFileReference section */

/* Begin PBXFrameworksBuildPhase section */
		E4C830242BFC44BE008C075F /* Frameworks */ = {
			isa = PBXFrameworksBuildPhase;
			buildActionMask = 2147483647;
			files = (
			);
			runOnlyForDeploymentPostprocessing = 0;
		};
		E4C830342BFC44C0008C075F /* Frameworks */ = {
			isa = PBXFrameworksBuildPhase;
			buildActionMask = 2147483647;
			files = (
			);
			runOnlyForDeploymentPostprocessing = 0;
		};
		E4C8303E2BFC44C0008C075F /* Frameworks */ = {
			isa = PBXFrameworksBuildPhase;
			buildActionMask = 2147483647;
			files = (
			);
			runOnlyForDeploymentPostprocessing = 0;
		};
/* End PBXFrameworksBuildPhase section */

/* Begin PBXGroup section */
		E4C8301E2BFC44BE008C075F = {
			isa = PBXGroup;
			children = (
				E4C830292BFC44BE008C075F /* CodeQuestGame */,
				E4C8303A2BFC44C0008C075F /* CodeQuestGameTests */,
				E4C830442BFC44C0008C075F /* CodeQuestGameUITests */,
				E4C830282BFC44BE008C075F /* Products */,
			);
			sourceTree = "<group>";
		};
		E4C830282BFC44BE008C075F /* Products */ = {
			isa = PBXGroup;
			children = (
				E4C830272BFC44BE008C075F /* CodeQuestGame.app */,
				E4C830372BFC44C0008C075F /* CodeQuestGameTests.xctest */,
				E4C830412BFC44C0008C075F /* CodeQuestGameUITests.xctest */,
			);
			name = Products;
			sourceTree = "<group>";
		};
		E4C830292BFC44BE008C075F /* CodeQuestGame */ = {
			isa = PBXGroup;
			children = (
				E4C830602BFC60A4008C075F /* View */,
				E4C8305D2BFC551C008C075F /* ViewModel */,
				E4C830582BFC545A008C075F /* Utils */,
				E4C830542BFC44D1008C075F /* Model */,
				E4C8302A2BFC44BE008C075F /* CodeQuestGameApp.swift */,
				E4C8302C2BFC44BE008C075F /* ContentView.swift */,
				E4C8302E2BFC44BF008C075F /* Assets.xcassets */,
				E4C830302BFC44BF008C075F /* Preview Content */,
				E4C830572BFC53D9008C075F /* Info.xcprivacy */,
			);
			path = CodeQuestGame;
			sourceTree = "<group>";
		};
		E4C830302BFC44BF008C075F /* Preview Content */ = {
			isa = PBXGroup;
			children = (
				E4C830312BFC44BF008C075F /* Preview Assets.xcassets */,
			);
			path = "Preview Content";
			sourceTree = "<group>";
		};
		E4C8303A2BFC44C0008C075F /* CodeQuestGameTests */ = {
			isa = PBXGroup;
			children = (
				E4C8303B2BFC44C0008C075F /* CodeQuestGameTests.swift */,
			);
			path = CodeQuestGameTests;
			sourceTree = "<group>";
		};
		E4C830442BFC44C0008C075F /* CodeQuestGameUITests */ = {
			isa = PBXGroup;
			children = (
				E4C830452BFC44C0008C075F /* CodeQuestGameUITests.swift */,
				E4C830472BFC44C0008C075F /* CodeQuestGameUITestsLaunchTests.swift */,
			);
			path = CodeQuestGameUITests;
			sourceTree = "<group>";
		};
		E4C830542BFC44D1008C075F /* Model */ = {
			isa = PBXGroup;
			children = (
				E4C830552BFC51F8008C075F /* Quest.swift */,
				E4C8305B2BFC550F008C075F /* DistanceMetric.swift */,
			);
			path = Model;
			sourceTree = "<group>";
		};
		E4C830582BFC545A008C075F /* Utils */ = {
			isa = PBXGroup;
			children = (
				E4C830592BFC5476008C075F /* BeaconManager.swift */,
			);
			path = Utils;
			sourceTree = "<group>";
		};
		E4C8305D2BFC551C008C075F /* ViewModel */ = {
			isa = PBXGroup;
			children = (
				E4C8305E2BFC5662008C075F /* QuestViewModel.swift */,
			);
			path = ViewModel;
			sourceTree = "<group>";
		};
		E4C830602BFC60A4008C075F /* View */ = {
			isa = PBXGroup;
			children = (
				E4CFFAEE2C04231500BAD67A /* HomeView.swift */,
				E4CFFAF02C04235100BAD67A /* QuestionView.swift */,
				E4CFFAF42C04238000BAD67A /* AnswerView.swift */,
				E4CFFAF62C042C9900BAD67A /* RadarView.swift */,
			);
			path = View;
			sourceTree = "<group>";
		};
/* End PBXGroup section */

/* Begin PBXNativeTarget section */
		E4C830262BFC44BE008C075F /* CodeQuestGame */ = {
			isa = PBXNativeTarget;
			buildConfigurationList = E4C8304B2BFC44C0008C075F /* Build configuration list for PBXNativeTarget "CodeQuestGame" */;
			buildPhases = (
				E4C830232BFC44BE008C075F /* Sources */,
				E4C830242BFC44BE008C075F /* Frameworks */,
				E4C830252BFC44BE008C075F /* Resources */,
			);
			buildRules = (
			);
			dependencies = (
			);
			name = CodeQuestGame;
			productName = CodeQuestGame;
			productReference = E4C830272BFC44BE008C075F /* CodeQuestGame.app */;
			productType = "com.apple.product-type.application";
		};
		E4C830362BFC44C0008C075F /* CodeQuestGameTests */ = {
			isa = PBXNativeTarget;
			buildConfigurationList = E4C8304E2BFC44C0008C075F /* Build configuration list for PBXNativeTarget "CodeQuestGameTests" */;
			buildPhases = (
				E4C830332BFC44C0008C075F /* Sources */,
				E4C830342BFC44C0008C075F /* Frameworks */,
				E4C830352BFC44C0008C075F /* Resources */,
			);
			buildRules = (
			);
			dependencies = (
				E4C830392BFC44C0008C075F /* PBXTargetDependency */,
			);
			name = CodeQuestGameTests;
			productName = CodeQuestGameTests;
			productReference = E4C830372BFC44C0008C075F /* CodeQuestGameTests.xctest */;
			productType = "com.apple.product-type.bundle.unit-test";
		};
		E4C830402BFC44C0008C075F /* CodeQuestGameUITests */ = {
			isa = PBXNativeTarget;
			buildConfigurationList = E4C830512BFC44C0008C075F /* Build configuration list for PBXNativeTarget "CodeQuestGameUITests" */;
			buildPhases = (
				E4C8303D2BFC44C0008C075F /* Sources */,
				E4C8303E2BFC44C0008C075F /* Frameworks */,
				E4C8303F2BFC44C0008C075F /* Resources */,
			);
			buildRules = (
			);
			dependencies = (
				E4C830432BFC44C0008C075F /* PBXTargetDependency */,
			);
			name = CodeQuestGameUITests;
			productName = CodeQuestGameUITests;
			productReference = E4C830412BFC44C0008C075F /* CodeQuestGameUITests.xctest */;
			productType = "com.apple.product-type.bundle.ui-testing";
		};
/* End PBXNativeTarget section */

/* Begin PBXProject section */
		E4C8301F2BFC44BE008C075F /* Project object */ = {
			isa = PBXProject;
			attributes = {
				BuildIndependentTargetsInParallel = 1;
				LastSwiftUpdateCheck = 1520;
				LastUpgradeCheck = 1520;
				TargetAttributes = {
					E4C830262BFC44BE008C075F = {
						CreatedOnToolsVersion = 15.2;
					};
					E4C830362BFC44C0008C075F = {
						CreatedOnToolsVersion = 15.2;
						TestTargetID = E4C830262BFC44BE008C075F;
					};
					E4C830402BFC44C0008C075F = {
						CreatedOnToolsVersion = 15.2;
						TestTargetID = E4C830262BFC44BE008C075F;
					};
				};
			};
			buildConfigurationList = E4C830222BFC44BE008C075F /* Build configuration list for PBXProject "CodeQuestGame" */;
			compatibilityVersion = "Xcode 14.0";
			developmentRegion = en;
			hasScannedForEncodings = 0;
			knownRegions = (
				en,
				Base,
			);
			mainGroup = E4C8301E2BFC44BE008C075F;
			productRefGroup = E4C830282BFC44BE008C075F /* Products */;
			projectDirPath = "";
			projectRoot = "";
			targets = (
				E4C830262BFC44BE008C075F /* CodeQuestGame */,
				E4C830362BFC44C0008C075F /* CodeQuestGameTests */,
				E4C830402BFC44C0008C075F /* CodeQuestGameUITests */,
			);
		};
/* End PBXProject section */

/* Begin PBXResourcesBuildPhase section */
		E4C830252BFC44BE008C075F /* Resources */ = {
			isa = PBXResourcesBuildPhase;
			buildActionMask = 2147483647;
			files = (
				E4C830322BFC44BF008C075F /* Preview Assets.xcassets in Resources */,
				E4C8302F2BFC44BF008C075F /* Assets.xcassets in Resources */,
			);
			runOnlyForDeploymentPostprocessing = 0;
		};
		E4C830352BFC44C0008C075F /* Resources */ = {
			isa = PBXResourcesBuildPhase;
			buildActionMask = 2147483647;
			files = (
			);
			runOnlyForDeploymentPostprocessing = 0;
		};
		E4C8303F2BFC44C0008C075F /* Resources */ = {
			isa = PBXResourcesBuildPhase;
			buildActionMask = 2147483647;
			files = (
			);
			runOnlyForDeploymentPostprocessing = 0;
		};
/* End PBXResourcesBuildPhase section */

/* Begin PBXSourcesBuildPhase section */
		E4C830232BFC44BE008C075F /* Sources */ = {
			isa = PBXSourcesBuildPhase;
			buildActionMask = 2147483647;
			files = (
				E4CFFAF72C042C9900BAD67A /* RadarView.swift in Sources */,
				E4CFFAF12C04235100BAD67A /* QuestionView.swift in Sources */,
				E4CFFAF52C04238000BAD67A /* AnswerView.swift in Sources */,
				E4C8302D2BFC44BE008C075F /* ContentView.swift in Sources */,
				E4CFFAEF2C04231500BAD67A /* HomeView.swift in Sources */,
				E4C8305A2BFC5476008C075F /* BeaconManager.swift in Sources */,
				E4C830562BFC51F8008C075F /* Quest.swift in Sources */,
				E4C8305F2BFC5662008C075F /* QuestViewModel.swift in Sources */,
				E4C8302B2BFC44BE008C075F /* CodeQuestGameApp.swift in Sources */,
				E4C8305C2BFC550F008C075F /* DistanceMetric.swift in Sources */,
			);
			runOnlyForDeploymentPostprocessing = 0;
		};
		E4C830332BFC44C0008C075F /* Sources */ = {
			isa = PBXSourcesBuildPhase;
			buildActionMask = 2147483647;
			files = (
				E4C8303C2BFC44C0008C075F /* CodeQuestGameTests.swift in Sources */,
			);
			runOnlyForDeploymentPostprocessing = 0;
		};
		E4C8303D2BFC44C0008C075F /* Sources */ = {
			isa = PBXSourcesBuildPhase;
			buildActionMask = 2147483647;
			files = (
				E4C830482BFC44C0008C075F /* CodeQuestGameUITestsLaunchTests.swift in Sources */,
				E4C830462BFC44C0008C075F /* CodeQuestGameUITests.swift in Sources */,
			);
			runOnlyForDeploymentPostprocessing = 0;
		};
/* End PBXSourcesBuildPhase section */

/* Begin PBXTargetDependency section */
		E4C830392BFC44C0008C075F /* PBXTargetDependency */ = {
			isa = PBXTargetDependency;
			target = E4C830262BFC44BE008C075F /* CodeQuestGame */;
			targetProxy = E4C830382BFC44C0008C075F /* PBXContainerItemProxy */;
		};
		E4C830432BFC44C0008C075F /* PBXTargetDependency */ = {
			isa = PBXTargetDependency;
			target = E4C830262BFC44BE008C075F /* CodeQuestGame */;
			targetProxy = E4C830422BFC44C0008C075F /* PBXContainerItemProxy */;
		};
/* End PBXTargetDependency section */

/* Begin XCBuildConfiguration section */
		E4C830492BFC44C0008C075F /* Debug */ = {
			isa = XCBuildConfiguration;
			buildSettings = {
				ALWAYS_SEARCH_USER_PATHS = NO;
				ASSETCATALOG_COMPILER_GENERATE_SWIFT_ASSET_SYMBOL_EXTENSIONS = YES;
				CLANG_ANALYZER_NONNULL = YES;
				CLANG_ANALYZER_NUMBER_OBJECT_CONVERSION = YES_AGGRESSIVE;
				CLANG_CXX_LANGUAGE_STANDARD = "gnu++20";
				CLANG_ENABLE_MODULES = YES;
				CLANG_ENABLE_OBJC_ARC = YES;
				CLANG_ENABLE_OBJC_WEAK = YES;
				CLANG_WARN_BLOCK_CAPTURE_AUTORELEASING = YES;
				CLANG_WARN_BOOL_CONVERSION = YES;
				CLANG_WARN_COMMA = YES;
				CLANG_WARN_CONSTANT_CONVERSION = YES;
				CLANG_WARN_DEPRECATED_OBJC_IMPLEMENTATIONS = YES;
				CLANG_WARN_DIRECT_OBJC_ISA_USAGE = YES_ERROR;
				CLANG_WARN_DOCUMENTATION_COMMENTS = YES;
				CLANG_WARN_EMPTY_BODY = YES;
				CLANG_WARN_ENUM_CONVERSION = YES;
				CLANG_WARN_INFINITE_RECURSION = YES;
				CLANG_WARN_INT_CONVERSION = YES;
				CLANG_WARN_NON_LITERAL_NULL_CONVERSION = YES;
				CLANG_WARN_OBJC_IMPLICIT_RETAIN_SELF = YES;
				CLANG_WARN_OBJC_LITERAL_CONVERSION = YES;
				CLANG_WARN_OBJC_ROOT_CLASS = YES_ERROR;
				CLANG_WARN_QUOTED_INCLUDE_IN_FRAMEWORK_HEADER = YES;
				CLANG_WARN_RANGE_LOOP_ANALYSIS = YES;
				CLANG_WARN_STRICT_PROTOTYPES = YES;
				CLANG_WARN_SUSPICIOUS_MOVE = YES;
				CLANG_WARN_UNGUARDED_AVAILABILITY = YES_AGGRESSIVE;
				CLANG_WARN_UNREACHABLE_CODE = YES;
				CLANG_WARN__DUPLICATE_METHOD_MATCH = YES;
				COPY_PHASE_STRIP = NO;
				DEBUG_INFORMATION_FORMAT = dwarf;
				ENABLE_STRICT_OBJC_MSGSEND = YES;
				ENABLE_TESTABILITY = YES;
				ENABLE_USER_SCRIPT_SANDBOXING = YES;
				GCC_C_LANGUAGE_STANDARD = gnu17;
				GCC_DYNAMIC_NO_PIC = NO;
				GCC_NO_COMMON_BLOCKS = YES;
				GCC_OPTIMIZATION_LEVEL = 0;
				GCC_PREPROCESSOR_DEFINITIONS = (
					"DEBUG=1",
					"$(inherited)",
				);
				GCC_WARN_64_TO_32_BIT_CONVERSION = YES;
				GCC_WARN_ABOUT_RETURN_TYPE = YES_ERROR;
				GCC_WARN_UNDECLARED_SELECTOR = YES;
				GCC_WARN_UNINITIALIZED_AUTOS = YES_AGGRESSIVE;
				GCC_WARN_UNUSED_FUNCTION = YES;
				GCC_WARN_UNUSED_VARIABLE = YES;
				IPHONEOS_DEPLOYMENT_TARGET = 17.2;
				LOCALIZATION_PREFERS_STRING_CATALOGS = YES;
				MTL_ENABLE_DEBUG_INFO = INCLUDE_SOURCE;
				MTL_FAST_MATH = YES;
				ONLY_ACTIVE_ARCH = YES;
				SDKROOT = iphoneos;
				SWIFT_ACTIVE_COMPILATION_CONDITIONS = "DEBUG $(inherited)";
				SWIFT_OPTIMIZATION_LEVEL = "-Onone";
			};
			name = Debug;
		};
		E4C8304A2BFC44C0008C075F /* Release */ = {
			isa = XCBuildConfiguration;
			buildSettings = {
				ALWAYS_SEARCH_USER_PATHS = NO;
				ASSETCATALOG_COMPILER_GENERATE_SWIFT_ASSET_SYMBOL_EXTENSIONS = YES;
				CLANG_ANALYZER_NONNULL = YES;
				CLANG_ANALYZER_NUMBER_OBJECT_CONVERSION = YES_AGGRESSIVE;
				CLANG_CXX_LANGUAGE_STANDARD = "gnu++20";
				CLANG_ENABLE_MODULES = YES;
				CLANG_ENABLE_OBJC_ARC = YES;
				CLANG_ENABLE_OBJC_WEAK = YES;
				CLANG_WARN_BLOCK_CAPTURE_AUTORELEASING = YES;
				CLANG_WARN_BOOL_CONVERSION = YES;
				CLANG_WARN_COMMA = YES;
				CLANG_WARN_CONSTANT_CONVERSION = YES;
				CLANG_WARN_DEPRECATED_OBJC_IMPLEMENTATIONS = YES;
				CLANG_WARN_DIRECT_OBJC_ISA_USAGE = YES_ERROR;
				CLANG_WARN_DOCUMENTATION_COMMENTS = YES;
				CLANG_WARN_EMPTY_BODY = YES;
				CLANG_WARN_ENUM_CONVERSION = YES;
				CLANG_WARN_INFINITE_RECURSION = YES;
				CLANG_WARN_INT_CONVERSION = YES;
				CLANG_WARN_NON_LITERAL_NULL_CONVERSION = YES;
				CLANG_WARN_OBJC_IMPLICIT_RETAIN_SELF = YES;
				CLANG_WARN_OBJC_LITERAL_CONVERSION = YES;
				CLANG_WARN_OBJC_ROOT_CLASS = YES_ERROR;
				CLANG_WARN_QUOTED_INCLUDE_IN_FRAMEWORK_HEADER = YES;
				CLANG_WARN_RANGE_LOOP_ANALYSIS = YES;
				CLANG_WARN_STRICT_PROTOTYPES = YES;
				CLANG_WARN_SUSPICIOUS_MOVE = YES;
				CLANG_WARN_UNGUARDED_AVAILABILITY = YES_AGGRESSIVE;
				CLANG_WARN_UNREACHABLE_CODE = YES;
				CLANG_WARN__DUPLICATE_METHOD_MATCH = YES;
				COPY_PHASE_STRIP = NO;
				DEBUG_INFORMATION_FORMAT = "dwarf-with-dsym";
				ENABLE_NS_ASSERTIONS = NO;
				ENABLE_STRICT_OBJC_MSGSEND = YES;
				ENABLE_USER_SCRIPT_SANDBOXING = YES;
				GCC_C_LANGUAGE_STANDARD = gnu17;
				GCC_NO_COMMON_BLOCKS = YES;
				GCC_WARN_64_TO_32_BIT_CONVERSION = YES;
				GCC_WARN_ABOUT_RETURN_TYPE = YES_ERROR;
				GCC_WARN_UNDECLARED_SELECTOR = YES;
				GCC_WARN_UNINITIALIZED_AUTOS = YES_AGGRESSIVE;
				GCC_WARN_UNUSED_FUNCTION = YES;
				GCC_WARN_UNUSED_VARIABLE = YES;
				IPHONEOS_DEPLOYMENT_TARGET = 17.2;
				LOCALIZATION_PREFERS_STRING_CATALOGS = YES;
				MTL_ENABLE_DEBUG_INFO = NO;
				MTL_FAST_MATH = YES;
				SDKROOT = iphoneos;
				SWIFT_COMPILATION_MODE = wholemodule;
				VALIDATE_PRODUCT = YES;
			};
			name = Release;
		};
		E4C8304C2BFC44C0008C075F /* Debug */ = {
			isa = XCBuildConfiguration;
			buildSettings = {
				ASSETCATALOG_COMPILER_APPICON_NAME = AppIcon;
				ASSETCATALOG_COMPILER_GLOBAL_ACCENT_COLOR_NAME = AccentColor;
				CODE_SIGN_STYLE = Automatic;
				CURRENT_PROJECT_VERSION = 1;
				DEVELOPMENT_ASSET_PATHS = "\"CodeQuestGame/Preview Content\"";
				DEVELOPMENT_TEAM = Z5LAH6MA86;
				ENABLE_PREVIEWS = YES;
				GENERATE_INFOPLIST_FILE = YES;
				INFOPLIST_KEY_UIApplicationSceneManifest_Generation = YES;
				INFOPLIST_KEY_UIApplicationSupportsIndirectInputEvents = YES;
				INFOPLIST_KEY_UILaunchScreen_Generation = YES;
				INFOPLIST_KEY_UISupportedInterfaceOrientations_iPad = "UIInterfaceOrientationPortrait UIInterfaceOrientationPortraitUpsideDown UIInterfaceOrientationLandscapeLeft UIInterfaceOrientationLandscapeRight";
				INFOPLIST_KEY_UISupportedInterfaceOrientations_iPhone = "UIInterfaceOrientationPortrait UIInterfaceOrientationLandscapeLeft UIInterfaceOrientationLandscapeRight";
				LD_RUNPATH_SEARCH_PATHS = (
					"$(inherited)",
					"@executable_path/Frameworks",
				);
				MARKETING_VERSION = 1.0;
				PRODUCT_BUNDLE_IDENTIFIER = Nano2.CodeQuestGame;
				PRODUCT_NAME = "$(TARGET_NAME)";
				SWIFT_EMIT_LOC_STRINGS = YES;
				SWIFT_VERSION = 5.0;
				TARGETED_DEVICE_FAMILY = "1,2";
			};
			name = Debug;
		};
		E4C8304D2BFC44C0008C075F /* Release */ = {
			isa = XCBuildConfiguration;
			buildSettings = {
				ASSETCATALOG_COMPILER_APPICON_NAME = AppIcon;
				ASSETCATALOG_COMPILER_GLOBAL_ACCENT_COLOR_NAME = AccentColor;
				CODE_SIGN_STYLE = Automatic;
				CURRENT_PROJECT_VERSION = 1;
				DEVELOPMENT_ASSET_PATHS = "\"CodeQuestGame/Preview Content\"";
				DEVELOPMENT_TEAM = Z5LAH6MA86;
				ENABLE_PREVIEWS = YES;
				GENERATE_INFOPLIST_FILE = YES;
				INFOPLIST_KEY_UIApplicationSceneManifest_Generation = YES;
				INFOPLIST_KEY_UIApplicationSupportsIndirectInputEvents = YES;
				INFOPLIST_KEY_UILaunchScreen_Generation = YES;
				INFOPLIST_KEY_UISupportedInterfaceOrientations_iPad = "UIInterfaceOrientationPortrait UIInterfaceOrientationPortraitUpsideDown UIInterfaceOrientationLandscapeLeft UIInterfaceOrientationLandscapeRight";
				INFOPLIST_KEY_UISupportedInterfaceOrientations_iPhone = "UIInterfaceOrientationPortrait UIInterfaceOrientationLandscapeLeft UIInterfaceOrientationLandscapeRight";
				LD_RUNPATH_SEARCH_PATHS = (
					"$(inherited)",
					"@executable_path/Frameworks",
				);
				MARKETING_VERSION = 1.0;
				PRODUCT_BUNDLE_IDENTIFIER = Nano2.CodeQuestGame;
				PRODUCT_NAME = "$(TARGET_NAME)";
				SWIFT_EMIT_LOC_STRINGS = YES;
				SWIFT_VERSION = 5.0;
				TARGETED_DEVICE_FAMILY = "1,2";
			};
			name = Release;
		};
		E4C8304F2BFC44C0008C075F /* Debug */ = {
			isa = XCBuildConfiguration;
			buildSettings = {
				ALWAYS_EMBED_SWIFT_STANDARD_LIBRARIES = YES;
				BUNDLE_LOADER = "$(TEST_HOST)";
				CODE_SIGN_STYLE = Automatic;
				CURRENT_PROJECT_VERSION = 1;
				DEVELOPMENT_TEAM = Z5LAH6MA86;
				GENERATE_INFOPLIST_FILE = YES;
				IPHONEOS_DEPLOYMENT_TARGET = 17.2;
				MARKETING_VERSION = 1.0;
				PRODUCT_BUNDLE_IDENTIFIER = Nano2.CodeQuestGameTests;
				PRODUCT_NAME = "$(TARGET_NAME)";
				SWIFT_EMIT_LOC_STRINGS = NO;
				SWIFT_VERSION = 5.0;
				TARGETED_DEVICE_FAMILY = "1,2";
				TEST_HOST = "$(BUILT_PRODUCTS_DIR)/CodeQuestGame.app/$(BUNDLE_EXECUTABLE_FOLDER_PATH)/CodeQuestGame";
			};
			name = Debug;
		};
		E4C830502BFC44C0008C075F /* Release */ = {
			isa = XCBuildConfiguration;
			buildSettings = {
				ALWAYS_EMBED_SWIFT_STANDARD_LIBRARIES = YES;
				BUNDLE_LOADER = "$(TEST_HOST)";
				CODE_SIGN_STYLE = Automatic;
				CURRENT_PROJECT_VERSION = 1;
				DEVELOPMENT_TEAM = Z5LAH6MA86;
				GENERATE_INFOPLIST_FILE = YES;
				IPHONEOS_DEPLOYMENT_TARGET = 17.2;
				MARKETING_VERSION = 1.0;
				PRODUCT_BUNDLE_IDENTIFIER = Nano2.CodeQuestGameTests;
				PRODUCT_NAME = "$(TARGET_NAME)";
				SWIFT_EMIT_LOC_STRINGS = NO;
				SWIFT_VERSION = 5.0;
				TARGETED_DEVICE_FAMILY = "1,2";
				TEST_HOST = "$(BUILT_PRODUCTS_DIR)/CodeQuestGame.app/$(BUNDLE_EXECUTABLE_FOLDER_PATH)/CodeQuestGame";
			};
			name = Release;
		};
		E4C830522BFC44C0008C075F /* Debug */ = {
			isa = XCBuildConfiguration;
			buildSettings = {
				ALWAYS_EMBED_SWIFT_STANDARD_LIBRARIES = YES;
				CODE_SIGN_STYLE = Automatic;
				CURRENT_PROJECT_VERSION = 1;
				DEVELOPMENT_TEAM = Z5LAH6MA86;
				GENERATE_INFOPLIST_FILE = YES;
				MARKETING_VERSION = 1.0;
				PRODUCT_BUNDLE_IDENTIFIER = Nano2.CodeQuestGameUITests;
				PRODUCT_NAME = "$(TARGET_NAME)";
				SWIFT_EMIT_LOC_STRINGS = NO;
				SWIFT_VERSION = 5.0;
				TARGETED_DEVICE_FAMILY = "1,2";
				TEST_TARGET_NAME = CodeQuestGame;
			};
			name = Debug;
		};
		E4C830532BFC44C0008C075F /* Release */ = {
			isa = XCBuildConfiguration;
			buildSettings = {
				ALWAYS_EMBED_SWIFT_STANDARD_LIBRARIES = YES;
				CODE_SIGN_STYLE = Automatic;
				CURRENT_PROJECT_VERSION = 1;
				DEVELOPMENT_TEAM = Z5LAH6MA86;
				GENERATE_INFOPLIST_FILE = YES;
				MARKETING_VERSION = 1.0;
				PRODUCT_BUNDLE_IDENTIFIER = Nano2.CodeQuestGameUITests;
				PRODUCT_NAME = "$(TARGET_NAME)";
				SWIFT_EMIT_LOC_STRINGS = NO;
				SWIFT_VERSION = 5.0;
				TARGETED_DEVICE_FAMILY = "1,2";
				TEST_TARGET_NAME = CodeQuestGame;
			};
			name = Release;
		};
/* End XCBuildConfiguration section */

/* Begin XCConfigurationList section */
		E4C830222BFC44BE008C075F /* Build configuration list for PBXProject "CodeQuestGame" */ = {
			isa = XCConfigurationList;
			buildConfigurations = (
				E4C830492BFC44C0008C075F /* Debug */,
				E4C8304A2BFC44C0008C075F /* Release */,
			);
			defaultConfigurationIsVisible = 0;
			defaultConfigurationName = Release;
		};
		E4C8304B2BFC44C0008C075F /* Build configuration list for PBXNativeTarget "CodeQuestGame" */ = {
			isa = XCConfigurationList;
			buildConfigurations = (
				E4C8304C2BFC44C0008C075F /* Debug */,
				E4C8304D2BFC44C0008C075F /* Release */,
			);
			defaultConfigurationIsVisible = 0;
			defaultConfigurationName = Release;
		};
		E4C8304E2BFC44C0008C075F /* Build configuration list for PBXNativeTarget "CodeQuestGameTests" */ = {
			isa = XCConfigurationList;
			buildConfigurations = (
				E4C8304F2BFC44C0008C075F /* Debug */,
				E4C830502BFC44C0008C075F /* Release */,
			);
			defaultConfigurationIsVisible = 0;
			defaultConfigurationName = Release;
		};
		E4C830512BFC44C0008C075F /* Build configuration list for PBXNativeTarget "CodeQuestGameUITests" */ = {
			isa = XCConfigurationList;
			buildConfigurations = (
				E4C830522BFC44C0008C075F /* Debug */,
				E4C830532BFC44C0008C075F /* Release */,
			);
			defaultConfigurationIsVisible = 0;
			defaultConfigurationName = Release;
		};
/* End XCConfigurationList section */
	};
	rootObject = E4C8301F2BFC44BE008C075F /* Project object */;
}
